
Microsoft Visual Studio Solution File, Format Version 12.00
# Visual Studio Version 16
VisualStudioVersion = 16.0.28803.352
MinimumVisualStudioVersion = 10.0.40219.1
Project("{FAE04EC0-301F-11D3-BF4B-00C04F79EFBC}") = "CardGame", "CardGame\CardGame.csproj", "{541A29E4-5E74-46B5-8CF1-759D4D156731}"
EndProject
Project("{FAE04EC0-301F-11D3-BF4B-00C04F79EFBC}") = "CardGame.Tests", "CardGame.Tests\CardGame.Tests.csproj", "{31ABA049-36FF-4A6D-A6C0-CC800F527B62}"
EndProject
Project("{FAE04EC0-301F-11D3-BF4B-00C04F79EFBC}") = "BusinessLayer", "CGBusinessLayer\BusinessLayer.csproj", "{6452A5C5-FFB7-4EFC-A624-632BF272D4D3}"
EndProject
Project("{FAE04EC0-301F-11D3-BF4B-00C04F79EFBC}") = "BusinessLayer.Tests", "BusinessLayer.Tests\BusinessLayer.Tests.csproj", "{C6D602B6-0924-488B-8666-9FFAF69DDEBC}"
EndProject
Global
	GlobalSection(SolutionConfigurationPlatforms) = preSolution
		Debug|Any CPU = Debug|Any CPU
		Release|Any CPU = Release|Any CPU
	EndGlobalSection
	GlobalSection(ProjectConfigurationPlatforms) = postSolution
		{541A29E4-5E74-46B5-8CF1-759D4D156731}.Debug|Any CPU.ActiveCfg = Debug|Any CPU
		{541A29E4-5E74-46B5-8CF1-759D4D156731}.Debug|Any CPU.Build.0 = Debug|Any CPU
		{541A29E4-5E74-46B5-8CF1-759D4D156731}.Release|Any CPU.ActiveCfg = Release|Any CPU
		{541A29E4-5E74-46B5-8CF1-759D4D156731}.Release|Any CPU.Build.0 = Release|Any CPU
		{31ABA049-36FF-4A6D-A6C0-CC800F527B62}.Debug|Any CPU.ActiveCfg = Debug|Any CPU
		{31ABA049-36FF-4A6D-A6C0-CC800F527B62}.Debug|Any CPU.Build.0 = Debug|Any CPU
		{31ABA049-36FF-4A6D-A6C0-CC800F527B62}.Release|Any CPU.ActiveCfg = Release|Any CPU
		{31ABA049-36FF-4A6D-A6C0-CC800F527B62}.Release|Any CPU.Build.0 = Release|Any CPU
		{6452A5C5-FFB7-4EFC-A624-632BF272D4D3}.Debug|Any CPU.ActiveCfg = Debug|Any CPU
		{6452A5C5-FFB7-4EFC-A624-632BF272D4D3}.Debug|Any CPU.Build.0 = Debug|Any CPU
		{6452A5C5-FFB7-4EFC-A624-632BF272D4D3}.Release|Any CPU.ActiveCfg = Release|Any CPU
		{6452A5C5-FFB7-4EFC-A624-632BF272D4D3}.Release|Any CPU.Build.0 = Release|Any CPU
		{C6D602B6-0924-488B-8666-9FFAF69DDEBC}.Debug|Any CPU.ActiveCfg = Debug|Any CPU
		{C6D602B6-0924-488B-8666-9FFAF69DDEBC}.Debug|Any CPU.Build.0 = Debug|Any CPU
		{C6D602B6-0924-488B-8666-9FFAF69DDEBC}.Release|Any CPU.ActiveCfg = Release|Any CPU
		{C6D602B6-0924-488B-8666-9FFAF69DDEBC}.Release|Any CPU.Build.0 = Release|Any CPU
	EndGlobalSection
	GlobalSection(SolutionProperties) = preSolution
		HideSolutionNode = FALSE
	EndGlobalSection
	GlobalSection(ExtensibilityGlobals) = postSolution
		SolutionGuid = {8A160CF2-0427-4791-A88C-0BC471044F6D}
	EndGlobalSection
EndGlobal
